
Microsoft Visual Studio Solution File, Format Version 12.00
# Visual Studio 15
VisualStudioVersion = 15.0.27703.2026
MinimumVisualStudioVersion = 10.0.40219.1
Project("{FAE04EC0-301F-11D3-BF4B-00C04F79EFBC}") = "MVC5CourseHomework", "MVC5CourseHomework\MVC5CourseHomework.csproj", "{10CAAD95-F04A-480A-8E73-5C0331CF860E}"
EndProject
Global
	GlobalSection(SolutionConfigurationPlatforms) = preSolution
		Debug|Any CPU = Debug|Any CPU
		Release|Any CPU = Release|Any CPU
	EndGlobalSection
	GlobalSection(ProjectConfigurationPlatforms) = postSolution
		{10CAAD95-F04A-480A-8E73-5C0331CF860E}.Debug|Any CPU.ActiveCfg = Debug|Any CPU
		{10CAAD95-F04A-480A-8E73-5C0331CF860E}.Debug|Any CPU.Build.0 = Debug|Any CPU
		{10CAAD95-F04A-480A-8E73-5C0331CF860E}.Release|Any CPU.ActiveCfg = Release|Any CPU
		{10CAAD95-F04A-480A-8E73-5C0331CF860E}.Release|Any CPU.Build.0 = Release|Any CPU
	EndGlobalSection
	GlobalSection(SolutionProperties) = preSolution
		HideSolutionNode = FALSE
	EndGlobalSection
	GlobalSection(ExtensibilityGlobals) = postSolution
		SolutionGuid = {34229089-3136-430D-89E9-CE5FD523ACF2}
	EndGlobalSection
EndGlobal
